
Microsoft Visual Studio Solution File, Format Version 12.00
# Visual Studio Version 17
VisualStudioVersion = 17.0.31903.59
MinimumVisualStudioVersion = 10.0.40219.1
Project("{FAE04EC0-301F-11D3-BF4B-00C04F79EFBC}") = "SceneGate.Desktop", "SceneGate.Desktop\SceneGate.Desktop.csproj", "{B1D421C6-06F5-43F5-85E6-3A6B35A0FC77}"
EndProject
Project("{FAE04EC0-301F-11D3-BF4B-00C04F79EFBC}") = "SceneGate.UI", "SceneGate.UI\SceneGate.UI.csproj", "{1DD27D58-6E87-476F-9F32-72A4CDAFA5B6}"
EndProject
Project("{FAE04EC0-301F-11D3-BF4B-00C04F79EFBC}") = "SceneGate.UI.Formats", "SceneGate.UI.Formats\SceneGate.UI.Formats.csproj", "{A16FFAF5-3F00-470F-9437-B81B1A6D3E18}"
EndProject
Global
	GlobalSection(SolutionConfigurationPlatforms) = preSolution
		Debug|Any CPU = Debug|Any CPU
		Release|Any CPU = Release|Any CPU
	EndGlobalSection
	GlobalSection(SolutionProperties) = preSolution
		HideSolutionNode = FALSE
	EndGlobalSection
	GlobalSection(ProjectConfigurationPlatforms) = postSolution
		{B1D421C6-06F5-43F5-85E6-3A6B35A0FC77}.Debug|Any CPU.ActiveCfg = Debug|Any CPU
		{B1D421C6-06F5-43F5-85E6-3A6B35A0FC77}.Debug|Any CPU.Build.0 = Debug|Any CPU
		{B1D421C6-06F5-43F5-85E6-3A6B35A0FC77}.Release|Any CPU.ActiveCfg = Release|Any CPU
		{B1D421C6-06F5-43F5-85E6-3A6B35A0FC77}.Release|Any CPU.Build.0 = Release|Any CPU
		{1DD27D58-6E87-476F-9F32-72A4CDAFA5B6}.Debug|Any CPU.ActiveCfg = Debug|Any CPU
		{1DD27D58-6E87-476F-9F32-72A4CDAFA5B6}.Debug|Any CPU.Build.0 = Debug|Any CPU
		{1DD27D58-6E87-476F-9F32-72A4CDAFA5B6}.Release|Any CPU.ActiveCfg = Release|Any CPU
		{1DD27D58-6E87-476F-9F32-72A4CDAFA5B6}.Release|Any CPU.Build.0 = Release|Any CPU
		{A16FFAF5-3F00-470F-9437-B81B1A6D3E18}.Debug|Any CPU.ActiveCfg = Debug|Any CPU
		{A16FFAF5-3F00-470F-9437-B81B1A6D3E18}.Debug|Any CPU.Build.0 = Debug|Any CPU
		{A16FFAF5-3F00-470F-9437-B81B1A6D3E18}.Release|Any CPU.ActiveCfg = Release|Any CPU
		{A16FFAF5-3F00-470F-9437-B81B1A6D3E18}.Release|Any CPU.Build.0 = Release|Any CPU
	EndGlobalSection
EndGlobal
